{
  "projects": [
    {
      "projectId": "uHdm286nsA1LVw4Z68JgXh",
      "version": "latest",
      "dependencies": {},
      "lang": "ts",
      "fileLocks": [
        {
          "type": "globalVariant",
          "assetId": "Eld-ZV02Iw4XH",
          "checksum": "fe8939b495db9199effe440f83d0f53d"
        },
        {
          "type": "renderModule",
          "assetId": "izGfKZi6KdYi",
          "checksum": "f70150e5321e7783f5ed6e5f2f5b2d68"
        },
        {
          "type": "cssRules",
          "assetId": "izGfKZi6KdYi",
          "checksum": "f70150e5321e7783f5ed6e5f2f5b2d68"
        },
        {
          "type": "renderModule",
          "assetId": "WGpzMwoiUz",
          "checksum": "bb11f4262dc67ec00da098a607d7625f"
        },
        {
          "type": "cssRules",
          "assetId": "WGpzMwoiUz",
          "checksum": "bb11f4262dc67ec00da098a607d7625f"
        },
        {
          "type": "icon",
          "assetId": "KbksUeDaO0",
          "checksum": "082ee85a4b61c118a292757e0b466c6f"
        },
        {
          "type": "image",
          "assetId": "h43yKHhw5",
          "checksum": "42c9aeac537a5efe2ea6bcd9fb803bf7"
        },
        {
          "assetId": "uHdm286nsA1LVw4Z68JgXh",
          "type": "projectCss",
          "checksum": "c3ac2f8efc96af7c3a0d3a83e6e348e3"
        },
        {
          "type": "image",
          "assetId": "WbrHIFf8I",
          "checksum": "b07efc986f5ae0918377611604113d8b"
        },
        {
          "type": "image",
          "assetId": "kVEncmh1w",
          "checksum": "3678a9fd909d860c78ef520ebefc2c1a"
        },
        {
          "type": "image",
          "assetId": "K-QYRruTi",
          "checksum": "820bf63ac9fce0d5203d6a1e5aecd69c"
        },
        {
          "type": "image",
          "assetId": "xgoQXzvU7",
          "checksum": "14b5b4187448ac59530ddc5db9406e4c"
        },
        {
          "type": "image",
          "assetId": "DAb8sqG7y",
          "checksum": "c891b57a5117a1f997047cb448e602af"
        },
        {
          "type": "image",
          "assetId": "39NQtYyi7",
          "checksum": "0690697643eb2713e3b77a5c431dd243"
        },
        {
          "type": "image",
          "assetId": "PTm6Yctqj",
          "checksum": "f313bdb29c030c0e768d24dc1e7c91f1"
        },
        {
          "type": "image",
          "assetId": "4_lwNNx4r",
          "checksum": "f2b20e721b2be21a666343b5060367db"
        },
        {
          "type": "image",
          "assetId": "LME-1ais8",
          "checksum": "3cc3b6bc9dd675f817da6d3e695d4449"
        },
        {
          "type": "image",
          "assetId": "Kc46T_hnL",
          "checksum": "a959ce3a77f9b49b832dce73d7e3f248"
        },
        {
          "type": "image",
          "assetId": "9aqrfVQK8",
          "checksum": "96ecb220d033b915769022c1d902aab9"
        },
        {
          "type": "image",
          "assetId": "1f4BwIr0G",
          "checksum": "31ac166be203fcc44331e69e1e388812"
        },
        {
          "type": "image",
          "assetId": "EQVMNRA0h",
          "checksum": "4da87efedc2a446c647dcb9d178e9fbd"
        },
        {
          "type": "image",
          "assetId": "3GO2YyegD",
          "checksum": "d0861e3ae53f1ba5dc019adb44409347"
        },
        {
          "type": "image",
          "assetId": "8jo8MpWG_",
          "checksum": "10d28ca1363aa8fd2a2b202da98afc58"
        },
        {
          "type": "image",
          "assetId": "wmtDeFHUM",
          "checksum": "1fee8e7fab29bc9dd8dd696f65c6310c"
        },
        {
          "type": "image",
          "assetId": "ONAuPX9z2",
          "checksum": "ed7ac304c249b9102ebfc4fb4536ed70"
        }
      ],
      "codegenVersion": "0.0.1"
    }
  ],
  "cliVersion": "0.1.205"
}
